
Microsoft Visual Studio Solution File, Format Version 12.00
# Visual Studio Version 17
VisualStudioVersion = 17.0.31912.275
MinimumVisualStudioVersion = 10.0.40219.1
Project("{FAE04EC0-301F-11D3-BF4B-00C04F79EFBC}") = "Method_ExtensionExample2", "Method_ExtensionExample2.csproj", "{B2240F40-E001-4716-B083-F95DDDAFB9F3}"
EndProject
Global
	GlobalSection(SolutionConfigurationPlatforms) = preSolution
		Debug|Any CPU = Debug|Any CPU
		Release|Any CPU = Release|Any CPU
	EndGlobalSection
	GlobalSection(ProjectConfigurationPlatforms) = postSolution
		{B2240F40-E001-4716-B083-F95DDDAFB9F3}.Debug|Any CPU.ActiveCfg = Debug|Any CPU
		{B2240F40-E001-4716-B083-F95DDDAFB9F3}.Debug|Any CPU.Build.0 = Debug|Any CPU
		{B2240F40-E001-4716-B083-F95DDDAFB9F3}.Release|Any CPU.ActiveCfg = Release|Any CPU
		{B2240F40-E001-4716-B083-F95DDDAFB9F3}.Release|Any CPU.Build.0 = Release|Any CPU
	EndGlobalSection
	GlobalSection(SolutionProperties) = preSolution
		HideSolutionNode = FALSE
	EndGlobalSection
	GlobalSection(ExtensibilityGlobals) = postSolution
		SolutionGuid = {8E2EC543-2F30-45A5-B734-809C0ED35F7F}
	EndGlobalSection
EndGlobal
