
Microsoft Visual Studio Solution File, Format Version 12.00
# Visual Studio Version 17
VisualStudioVersion = 17.0.31912.275
MinimumVisualStudioVersion = 10.0.40219.1
Project("{FAE04EC0-301F-11D3-BF4B-00C04F79EFBC}") = "Reflection_GetType", "Reflection_GetType.csproj", "{2A18182E-B08F-43D4-B330-FF0BD13B6EBB}"
EndProject
Global
	GlobalSection(SolutionConfigurationPlatforms) = preSolution
		Debug|Any CPU = Debug|Any CPU
		Release|Any CPU = Release|Any CPU
	EndGlobalSection
	GlobalSection(ProjectConfigurationPlatforms) = postSolution
		{2A18182E-B08F-43D4-B330-FF0BD13B6EBB}.Debug|Any CPU.ActiveCfg = Debug|Any CPU
		{2A18182E-B08F-43D4-B330-FF0BD13B6EBB}.Debug|Any CPU.Build.0 = Debug|Any CPU
		{2A18182E-B08F-43D4-B330-FF0BD13B6EBB}.Release|Any CPU.ActiveCfg = Release|Any CPU
		{2A18182E-B08F-43D4-B330-FF0BD13B6EBB}.Release|Any CPU.Build.0 = Release|Any CPU
	EndGlobalSection
	GlobalSection(SolutionProperties) = preSolution
		HideSolutionNode = FALSE
	EndGlobalSection
	GlobalSection(ExtensibilityGlobals) = postSolution
		SolutionGuid = {5907D030-EC2C-4C5E-9115-44F2404E754C}
	EndGlobalSection
EndGlobal
